
Microsoft Visual Studio Solution File, Format Version 12.00
# Visual Studio Version 17
VisualStudioVersion = 17.5.002.0
MinimumVisualStudioVersion = 10.0.40219.1
Project("{9A19103F-16F7-4668-BE54-9A1E7A4F7556}") = "diamond-kata", "diamond-kata\diamond-kata.csproj", "{FA6F69D6-1B9D-474D-AD01-D878DD27BFB5}"
EndProject
Project("{9A19103F-16F7-4668-BE54-9A1E7A4F7556}") = "diamond-kata.tests", "diamond-kata.tests\diamond-kata.tests.csproj", "{C16A79E6-6D5E-46DF-8DD8-4A3D824A6498}"
EndProject
Global
	GlobalSection(SolutionConfigurationPlatforms) = preSolution
		Debug|Any CPU = Debug|Any CPU
		Release|Any CPU = Release|Any CPU
	EndGlobalSection
	GlobalSection(ProjectConfigurationPlatforms) = postSolution
		{FA6F69D6-1B9D-474D-AD01-D878DD27BFB5}.Debug|Any CPU.ActiveCfg = Debug|Any CPU
		{FA6F69D6-1B9D-474D-AD01-D878DD27BFB5}.Debug|Any CPU.Build.0 = Debug|Any CPU
		{FA6F69D6-1B9D-474D-AD01-D878DD27BFB5}.Release|Any CPU.ActiveCfg = Release|Any CPU
		{FA6F69D6-1B9D-474D-AD01-D878DD27BFB5}.Release|Any CPU.Build.0 = Release|Any CPU
		{C16A79E6-6D5E-46DF-8DD8-4A3D824A6498}.Debug|Any CPU.ActiveCfg = Debug|Any CPU
		{C16A79E6-6D5E-46DF-8DD8-4A3D824A6498}.Debug|Any CPU.Build.0 = Debug|Any CPU
		{C16A79E6-6D5E-46DF-8DD8-4A3D824A6498}.Release|Any CPU.ActiveCfg = Release|Any CPU
		{C16A79E6-6D5E-46DF-8DD8-4A3D824A6498}.Release|Any CPU.Build.0 = Release|Any CPU
	EndGlobalSection
	GlobalSection(SolutionProperties) = preSolution
		HideSolutionNode = FALSE
	EndGlobalSection
	GlobalSection(ExtensibilityGlobals) = postSolution
		SolutionGuid = {B9414AF8-281E-435A-8B79-34C3C72F9D09}
	EndGlobalSection
EndGlobal
